// !$*UTF8*$!
{
	archiveVersion = 1;
	classes = {
	};
	objectVersion = 46;
	objects = {

/* Begin PBXBuildFile section */
		0F2E88C61C244B3700A8F059 /* DataManager.swift in Sources */ = {isa = PBXBuildFile; fileRef = 0F2E88C51C244B3700A8F059 /* DataManager.swift */; };
		0F2E88C81C244C5600A8F059 /* Cinema.swift in Sources */ = {isa = PBXBuildFile; fileRef = 0F2E88C71C244C5600A8F059 /* Cinema.swift */; };
		0F2E88CE1C258D1900A8F059 /* MapController.swift in Sources */ = {isa = PBXBuildFile; fileRef = 0F2E88CD1C258D1900A8F059 /* MapController.swift */; };
		0F8A7BEE1C28EADE0019C5D4 /* Comment.swift in Sources */ = {isa = PBXBuildFile; fileRef = 0F8A7BED1C28EADE0019C5D4 /* Comment.swift */; };
		0FA5A2E91C2A02E900BF9E63 /* CommentCellController.swift in Sources */ = {isa = PBXBuildFile; fileRef = 0FA5A2E81C2A02E900BF9E63 /* CommentCellController.swift */; };
		0FB7C7031C26345700B453CF /* RoomsController.swift in Sources */ = {isa = PBXBuildFile; fileRef = 0FB7C7021C26345700B453CF /* RoomsController.swift */; };
		0FB7C7051C264C1500B453CF /* AddRoomController.swift in Sources */ = {isa = PBXBuildFile; fileRef = 0FB7C7041C264C1500B453CF /* AddRoomController.swift */; };
		0FB7C7071C264E8100B453CF /* CommentsController.swift in Sources */ = {isa = PBXBuildFile; fileRef = 0FB7C7061C264E8100B453CF /* CommentsController.swift */; };
		0FB7C7091C284F8F00B453CF /* FloatRatingView.swift in Sources */ = {isa = PBXBuildFile; fileRef = 0FB7C7081C284F8F00B453CF /* FloatRatingView.swift */; };
		0FB7C7161C28CF5700B453CF /* AddCommentController.swift in Sources */ = {isa = PBXBuildFile; fileRef = 0FB7C7151C28CF5700B453CF /* AddCommentController.swift */; };
		0FC0ABD31C20EE6D00BEC47F /* AppDelegate.swift in Sources */ = {isa = PBXBuildFile; fileRef = 0FC0ABD21C20EE6D00BEC47F /* AppDelegate.swift */; };
		0FC0ABD51C20EE6D00BEC47F /* SearchController.swift in Sources */ = {isa = PBXBuildFile; fileRef = 0FC0ABD41C20EE6D00BEC47F /* SearchController.swift */; };
		0FC0ABD81C20EE6D00BEC47F /* Main.storyboard in Resources */ = {isa = PBXBuildFile; fileRef = 0FC0ABD61C20EE6D00BEC47F /* Main.storyboard */; };
		0FC0ABDD1C20EE6D00BEC47F /* Images.xcassets in Resources */ = {isa = PBXBuildFile; fileRef = 0FC0ABDC1C20EE6D00BEC47F /* Images.xcassets */; };
		0FC0ABE01C20EE6D00BEC47F /* LaunchScreen.storyboard in Resources */ = {isa = PBXBuildFile; fileRef = 0FC0ABDE1C20EE6D00BEC47F /* LaunchScreen.storyboard */; };
		0FC4309A1C2C6CF000EC0BD8 /* RoomCellController.swift in Sources */ = {isa = PBXBuildFile; fileRef = 0FC430991C2C6CF000EC0BD8 /* RoomCellController.swift */; };
		910E50421C270A1100CBA1B2 /* Room.swift in Sources */ = {isa = PBXBuildFile; fileRef = 910E50411C270A1100CBA1B2 /* Room.swift */; };
/* End PBXBuildFile section */

/* Begin PBXFileReference section */
		0F2E88C51C244B3700A8F059 /* DataManager.swift */ = {isa = PBXFileReference; fileEncoding = 4; lastKnownFileType = sourcecode.swift; path = DataManager.swift; sourceTree = "<group>"; };
		0F2E88C71C244C5600A8F059 /* Cinema.swift */ = {isa = PBXFileReference; fileEncoding = 4; lastKnownFileType = sourcecode.swift; path = Cinema.swift; sourceTree = "<group>"; };
		0F2E88CD1C258D1900A8F059 /* MapController.swift */ = {isa = PBXFileReference; fileEncoding = 4; lastKnownFileType = sourcecode.swift; path = MapController.swift; sourceTree = "<group>"; };
		0F8A7BED1C28EADE0019C5D4 /* Comment.swift */ = {isa = PBXFileReference; fileEncoding = 4; lastKnownFileType = sourcecode.swift; path = Comment.swift; sourceTree = "<group>"; };
		0FA5A2E81C2A02E900BF9E63 /* CommentCellController.swift */ = {isa = PBXFileReference; fileEncoding = 4; lastKnownFileType = sourcecode.swift; path = CommentCellController.swift; sourceTree = "<group>"; };
		0FB7C7021C26345700B453CF /* RoomsController.swift */ = {isa = PBXFileReference; fileEncoding = 4; lastKnownFileType = sourcecode.swift; path = RoomsController.swift; sourceTree = "<group>"; };
		0FB7C7041C264C1500B453CF /* AddRoomController.swift */ = {isa = PBXFileReference; fileEncoding = 4; lastKnownFileType = sourcecode.swift; path = AddRoomController.swift; sourceTree = "<group>"; };
		0FB7C7061C264E8100B453CF /* CommentsController.swift */ = {isa = PBXFileReference; fileEncoding = 4; lastKnownFileType = sourcecode.swift; path = CommentsController.swift; sourceTree = "<group>"; };
		0FB7C7081C284F8F00B453CF /* FloatRatingView.swift */ = {isa = PBXFileReference; fileEncoding = 4; lastKnownFileType = sourcecode.swift; path = FloatRatingView.swift; sourceTree = "<group>"; };
		0FB7C7151C28CF5700B453CF /* AddCommentController.swift */ = {isa = PBXFileReference; fileEncoding = 4; lastKnownFileType = sourcecode.swift; path = AddCommentController.swift; sourceTree = "<group>"; };
		0FC0ABCF1C20EE6D00BEC47F /* CinemAdvisor.app */ = {isa = PBXFileReference; explicitFileType = wrapper.application; includeInIndex = 0; path = CinemAdvisor.app; sourceTree = BUILT_PRODUCTS_DIR; };
		0FC0ABD21C20EE6D00BEC47F /* AppDelegate.swift */ = {isa = PBXFileReference; lastKnownFileType = sourcecode.swift; path = AppDelegate.swift; sourceTree = "<group>"; };
		0FC0ABD41C20EE6D00BEC47F /* SearchController.swift */ = {isa = PBXFileReference; lastKnownFileType = sourcecode.swift; path = SearchController.swift; sourceTree = "<group>"; };
		0FC0ABD71C20EE6D00BEC47F /* Base */ = {isa = PBXFileReference; lastKnownFileType = file.storyboard; name = Base; path = Base.lproj/Main.storyboard; sourceTree = "<group>"; };
		0FC0ABDC1C20EE6D00BEC47F /* Images.xcassets */ = {isa = PBXFileReference; lastKnownFileType = folder.assetcatalog; path = Images.xcassets; sourceTree = "<group>"; };
		0FC0ABDF1C20EE6D00BEC47F /* Base */ = {isa = PBXFileReference; lastKnownFileType = file.storyboard; name = Base; path = Base.lproj/LaunchScreen.storyboard; sourceTree = "<group>"; };
		0FC0ABE11C20EE6D00BEC47F /* Info.plist */ = {isa = PBXFileReference; lastKnownFileType = text.plist.xml; path = Info.plist; sourceTree = "<group>"; };
		0FC430991C2C6CF000EC0BD8 /* RoomCellController.swift */ = {isa = PBXFileReference; fileEncoding = 4; lastKnownFileType = sourcecode.swift; path = RoomCellController.swift; sourceTree = "<group>"; };
		910E50411C270A1100CBA1B2 /* Room.swift */ = {isa = PBXFileReference; fileEncoding = 4; lastKnownFileType = sourcecode.swift; path = Room.swift; sourceTree = "<group>"; };
/* End PBXFileReference section */

/* Begin PBXFrameworksBuildPhase section */
		0FC0ABCC1C20EE6D00BEC47F /* Frameworks */ = {
			isa = PBXFrameworksBuildPhase;
			buildActionMask = 2147483647;
			files = (
			);
			runOnlyForDeploymentPostprocessing = 0;
		};
/* End PBXFrameworksBuildPhase section */

/* Begin PBXGroup section */
		0FB7C70A1C28501F00B453CF /* ViewController */ = {
			isa = PBXGroup;
			children = (
				0FA5A2E81C2A02E900BF9E63 /* CommentCellController.swift */,
				0FB7C7021C26345700B453CF /* RoomsController.swift */,
				0FB7C7061C264E8100B453CF /* CommentsController.swift */,
				0FB7C7041C264C1500B453CF /* AddRoomController.swift */,
				0FC0ABD41C20EE6D00BEC47F /* SearchController.swift */,
				0F2E88CD1C258D1900A8F059 /* MapController.swift */,
				0FB7C7151C28CF5700B453CF /* AddCommentController.swift */,
				0FC430991C2C6CF000EC0BD8 /* RoomCellController.swift */,
			);
			name = ViewController;
			sourceTree = "<group>";
		};
		0FB7C70B1C28503700B453CF /* Model */ = {
			isa = PBXGroup;
			children = (
				0F2E88C71C244C5600A8F059 /* Cinema.swift */,
				910E50411C270A1100CBA1B2 /* Room.swift */,
				0F8A7BED1C28EADE0019C5D4 /* Comment.swift */,
			);
			name = Model;
			sourceTree = "<group>";
		};
		0FB7C70C1C28504D00B453CF /* DataManager */ = {
			isa = PBXGroup;
			children = (
				0F2E88C51C244B3700A8F059 /* DataManager.swift */,
			);
			name = DataManager;
			sourceTree = "<group>";
		};
		0FB7C70D1C28507900B453CF /* View */ = {
			isa = PBXGroup;
			children = (
				0FC0ABDE1C20EE6D00BEC47F /* LaunchScreen.storyboard */,
				0FC0ABD61C20EE6D00BEC47F /* Main.storyboard */,
			);
			name = View;
			sourceTree = "<group>";
		};
		0FB7C70E1C28508800B453CF /* Tools */ = {
			isa = PBXGroup;
			children = (
				0FB7C7081C284F8F00B453CF /* FloatRatingView.swift */,
			);
			name = Tools;
			sourceTree = "<group>";
		};
		0FC0ABC61C20EE6D00BEC47F = {
			isa = PBXGroup;
			children = (
				0FC0ABD11C20EE6D00BEC47F /* CinemAdvisor */,
				0FC0ABD01C20EE6D00BEC47F /* Products */,
			);
			sourceTree = "<group>";
		};
		0FC0ABD01C20EE6D00BEC47F /* Products */ = {
			isa = PBXGroup;
			children = (
				0FC0ABCF1C20EE6D00BEC47F /* CinemAdvisor.app */,
			);
			name = Products;
			sourceTree = "<group>";
		};
		0FC0ABD11C20EE6D00BEC47F /* CinemAdvisor */ = {
			isa = PBXGroup;
			children = (
				0FB7C70E1C28508800B453CF /* Tools */,
				0FB7C70D1C28507900B453CF /* View */,
				0FB7C70C1C28504D00B453CF /* DataManager */,
				0FB7C70B1C28503700B453CF /* Model */,
				0FB7C70A1C28501F00B453CF /* ViewController */,
				0FC0ABD21C20EE6D00BEC47F /* AppDelegate.swift */,
				0FC0ABDC1C20EE6D00BEC47F /* Images.xcassets */,
				0FC0ABE11C20EE6D00BEC47F /* Info.plist */,
			);
			path = CinemAdvisor;
			sourceTree = "<group>";
		};
/* End PBXGroup section */

/* Begin PBXNativeTarget section */
		0FC0ABCE1C20EE6D00BEC47F /* CinemAdvisor */ = {
			isa = PBXNativeTarget;
			buildConfigurationList = 0FC0ABE41C20EE6D00BEC47F /* Build configuration list for PBXNativeTarget "CinemAdvisor" */;
			buildPhases = (
				0FC0ABCB1C20EE6D00BEC47F /* Sources */,
				0FC0ABCC1C20EE6D00BEC47F /* Frameworks */,
				0FC0ABCD1C20EE6D00BEC47F /* Resources */,
			);
			buildRules = (
			);
			dependencies = (
			);
			name = CinemAdvisor;
			productName = CinemAdvisor;
			productReference = 0FC0ABCF1C20EE6D00BEC47F /* CinemAdvisor.app */;
			productType = "com.apple.product-type.application";
		};
/* End PBXNativeTarget section */

/* Begin PBXProject section */
		0FC0ABC71C20EE6D00BEC47F /* Project object */ = {
			isa = PBXProject;
			attributes = {
				KnownAssetTags = (
					StarEmpty,
				);
				LastSwiftUpdateCheck = 0710;
				LastUpgradeCheck = 0710;
				ORGANIZATIONNAME = Epita;
				TargetAttributes = {
					0FC0ABCE1C20EE6D00BEC47F = {
						CreatedOnToolsVersion = 7.1.1;
						DevelopmentTeam = WNU28V33T5;
					};
				};
			};
			buildConfigurationList = 0FC0ABCA1C20EE6D00BEC47F /* Build configuration list for PBXProject "CinemAdvisor" */;
			compatibilityVersion = "Xcode 3.2";
			developmentRegion = English;
			hasScannedForEncodings = 0;
			knownRegions = (
				en,
				Base,
			);
			mainGroup = 0FC0ABC61C20EE6D00BEC47F;
			productRefGroup = 0FC0ABD01C20EE6D00BEC47F /* Products */;
			projectDirPath = "";
			projectRoot = "";
			targets = (
				0FC0ABCE1C20EE6D00BEC47F /* CinemAdvisor */,
			);
		};
/* End PBXProject section */

/* Begin PBXResourcesBuildPhase section */
		0FC0ABCD1C20EE6D00BEC47F /* Resources */ = {
			isa = PBXResourcesBuildPhase;
			buildActionMask = 2147483647;
			files = (
				0FC0ABE01C20EE6D00BEC47F /* LaunchScreen.storyboard in Resources */,
				0FC0ABDD1C20EE6D00BEC47F /* Images.xcassets in Resources */,
				0FC0ABD81C20EE6D00BEC47F /* Main.storyboard in Resources */,
			);
			runOnlyForDeploymentPostprocessing = 0;
		};
/* End PBXResourcesBuildPhase section */

/* Begin PBXSourcesBuildPhase section */
		0FC0ABCB1C20EE6D00BEC47F /* Sources */ = {
			isa = PBXSourcesBuildPhase;
			buildActionMask = 2147483647;
			files = (
				0FC4309A1C2C6CF000EC0BD8 /* RoomCellController.swift in Sources */,
				0FB7C7161C28CF5700B453CF /* AddCommentController.swift in Sources */,
				0FA5A2E91C2A02E900BF9E63 /* CommentCellController.swift in Sources */,
				0F2E88C81C244C5600A8F059 /* Cinema.swift in Sources */,
				0FC0ABD51C20EE6D00BEC47F /* SearchController.swift in Sources */,
				0F2E88C61C244B3700A8F059 /* DataManager.swift in Sources */,
				0F2E88CE1C258D1900A8F059 /* MapController.swift in Sources */,
				0FB7C7031C26345700B453CF /* RoomsController.swift in Sources */,
				910E50421C270A1100CBA1B2 /* Room.swift in Sources */,
				0FB7C7071C264E8100B453CF /* CommentsController.swift in Sources */,
				0FB7C7051C264C1500B453CF /* AddRoomController.swift in Sources */,
				0FB7C7091C284F8F00B453CF /* FloatRatingView.swift in Sources */,
				0FC0ABD31C20EE6D00BEC47F /* AppDelegate.swift in Sources */,
				0F8A7BEE1C28EADE0019C5D4 /* Comment.swift in Sources */,
			);
			runOnlyForDeploymentPostprocessing = 0;
		};
/* End PBXSourcesBuildPhase section */

/* Begin PBXVariantGroup section */
		0FC0ABD61C20EE6D00BEC47F /* Main.storyboard */ = {
			isa = PBXVariantGroup;
			children = (
				0FC0ABD71C20EE6D00BEC47F /* Base */,
			);
			name = Main.storyboard;
			sourceTree = "<group>";
		};
		0FC0ABDE1C20EE6D00BEC47F /* LaunchScreen.storyboard */ = {
			isa = PBXVariantGroup;
			children = (
				0FC0ABDF1C20EE6D00BEC47F /* Base */,
			);
			name = LaunchScreen.storyboard;
			sourceTree = "<group>";
		};
/* End PBXVariantGroup section */

/* Begin XCBuildConfiguration section */
		0FC0ABE21C20EE6D00BEC47F /* Debug */ = {
			isa = XCBuildConfiguration;
			buildSettings = {
				ALWAYS_SEARCH_USER_PATHS = NO;
				CLANG_CXX_LANGUAGE_STANDARD = "gnu++0x";
				CLANG_CXX_LIBRARY = "libc++";
				CLANG_ENABLE_MODULES = YES;
				CLANG_ENABLE_OBJC_ARC = YES;
				CLANG_WARN_BOOL_CONVERSION = YES;
				CLANG_WARN_CONSTANT_CONVERSION = YES;
				CLANG_WARN_DIRECT_OBJC_ISA_USAGE = YES_ERROR;
				CLANG_WARN_EMPTY_BODY = YES;
				CLANG_WARN_ENUM_CONVERSION = YES;
				CLANG_WARN_INT_CONVERSION = YES;
				CLANG_WARN_OBJC_ROOT_CLASS = YES_ERROR;
				CLANG_WARN_UNREACHABLE_CODE = YES;
				CLANG_WARN__DUPLICATE_METHOD_MATCH = YES;
				"CODE_SIGN_IDENTITY[sdk=iphoneos*]" = "iPhone Developer";
				COPY_PHASE_STRIP = NO;
				DEBUG_INFORMATION_FORMAT = dwarf;
				ENABLE_STRICT_OBJC_MSGSEND = YES;
				ENABLE_TESTABILITY = YES;
				GCC_C_LANGUAGE_STANDARD = gnu99;
				GCC_DYNAMIC_NO_PIC = NO;
				GCC_NO_COMMON_BLOCKS = YES;
				GCC_OPTIMIZATION_LEVEL = 0;
				GCC_PREPROCESSOR_DEFINITIONS = (
					"DEBUG=1",
					"$(inherited)",
				);
				GCC_WARN_64_TO_32_BIT_CONVERSION = YES;
				GCC_WARN_ABOUT_RETURN_TYPE = YES_ERROR;
				GCC_WARN_UNDECLARED_SELECTOR = YES;
				GCC_WARN_UNINITIALIZED_AUTOS = YES_AGGRESSIVE;
				GCC_WARN_UNUSED_FUNCTION = YES;
				GCC_WARN_UNUSED_VARIABLE = YES;
				IPHONEOS_DEPLOYMENT_TARGET = 9.1;
				MTL_ENABLE_DEBUG_INFO = YES;
				ONLY_ACTIVE_ARCH = YES;
				SDKROOT = iphoneos;
				SWIFT_OPTIMIZATION_LEVEL = "-Onone";
			};
			name = Debug;
		};
		0FC0ABE31C20EE6D00BEC47F /* Release */ = {
			isa = XCBuildConfiguration;
			buildSettings = {
				ALWAYS_SEARCH_USER_PATHS = NO;
				CLANG_CXX_LANGUAGE_STANDARD = "gnu++0x";
				CLANG_CXX_LIBRARY = "libc++";
				CLANG_ENABLE_MODULES = YES;
				CLANG_ENABLE_OBJC_ARC = YES;
				CLANG_WARN_BOOL_CONVERSION = YES;
				CLANG_WARN_CONSTANT_CONVERSION = YES;
				CLANG_WARN_DIRECT_OBJC_ISA_USAGE = YES_ERROR;
				CLANG_WARN_EMPTY_BODY = YES;
				CLANG_WARN_ENUM_CONVERSION = YES;
				CLANG_WARN_INT_CONVERSION = YES;
				CLANG_WARN_OBJC_ROOT_CLASS = YES_ERROR;
				CLANG_WARN_UNREACHABLE_CODE = YES;
				CLANG_WARN__DUPLICATE_METHOD_MATCH = YES;
				"CODE_SIGN_IDENTITY[sdk=iphoneos*]" = "iPhone Developer";
				COPY_PHASE_STRIP = NO;
				DEBUG_INFORMATION_FORMAT = "dwarf-with-dsym";
				ENABLE_NS_ASSERTIONS = NO;
				ENABLE_STRICT_OBJC_MSGSEND = YES;
				GCC_C_LANGUAGE_STANDARD = gnu99;
				GCC_NO_COMMON_BLOCKS = YES;
				GCC_WARN_64_TO_32_BIT_CONVERSION = YES;
				GCC_WARN_ABOUT_RETURN_TYPE = YES_ERROR;
				GCC_WARN_UNDECLARED_SELECTOR = YES;
				GCC_WARN_UNINITIALIZED_AUTOS = YES_AGGRESSIVE;
				GCC_WARN_UNUSED_FUNCTION = YES;
				GCC_WARN_UNUSED_VARIABLE = YES;
				IPHONEOS_DEPLOYMENT_TARGET = 9.1;
				MTL_ENABLE_DEBUG_INFO = NO;
				SDKROOT = iphoneos;
				VALIDATE_PRODUCT = YES;
			};
			name = Release;
		};
		0FC0ABE51C20EE6D00BEC47F /* Debug */ = {
			isa = XCBuildConfiguration;
			buildSettings = {
				ASSETCATALOG_COMPILER_APPICON_NAME = AppIcon;
				CODE_SIGN_IDENTITY = "iPhone Developer";
				"CODE_SIGN_IDENTITY[sdk=iphoneos*]" = "iPhone Developer";
				INFOPLIST_FILE = CinemAdvisor/Info.plist;
				LD_RUNPATH_SEARCH_PATHS = "$(inherited) @executable_path/Frameworks";
				PRODUCT_BUNDLE_IDENTIFIER = com.epita.CinemAdvisor;
				PRODUCT_NAME = "$(TARGET_NAME)";
				PROVISIONING_PROFILE = "";
				TARGETED_DEVICE_FAMILY = 1;
			};
			name = Debug;
		};
		0FC0ABE61C20EE6D00BEC47F /* Release */ = {
			isa = XCBuildConfiguration;
			buildSettings = {
				ASSETCATALOG_COMPILER_APPICON_NAME = AppIcon;
				CODE_SIGN_IDENTITY = "iPhone Developer";
				"CODE_SIGN_IDENTITY[sdk=iphoneos*]" = "iPhone Developer";
				INFOPLIST_FILE = CinemAdvisor/Info.plist;
				LD_RUNPATH_SEARCH_PATHS = "$(inherited) @executable_path/Frameworks";
				PRODUCT_BUNDLE_IDENTIFIER = com.epita.CinemAdvisor;
				PRODUCT_NAME = "$(TARGET_NAME)";
				PROVISIONING_PROFILE = "";
				TARGETED_DEVICE_FAMILY = 1;
			};
			name = Release;
		};
/* End XCBuildConfiguration section */

/* Begin XCConfigurationList section */
		0FC0ABCA1C20EE6D00BEC47F /* Build configuration list for PBXProject "CinemAdvisor" */ = {
			isa = XCConfigurationList;
			buildConfigurations = (
				0FC0ABE21C20EE6D00BEC47F /* Debug */,
				0FC0ABE31C20EE6D00BEC47F /* Release */,
			);
			defaultConfigurationIsVisible = 0;
			defaultConfigurationName = Release;
		};
		0FC0ABE41C20EE6D00BEC47F /* Build configuration list for PBXNativeTarget "CinemAdvisor" */ = {
			isa = XCConfigurationList;
			buildConfigurations = (
				0FC0ABE51C20EE6D00BEC47F /* Debug */,
				0FC0ABE61C20EE6D00BEC47F /* Release */,
			);
			defaultConfigurationIsVisible = 0;
			defaultConfigurationName = Release;
		};
/* End XCConfigurationList section */
	};
	rootObject = 0FC0ABC71C20EE6D00BEC47F /* Project object */;
}
